// !$*UTF8*$!
{
	archiveVersion = 1;
	classes = {
	};
	objectVersion = 46;
	objects = {

/* Begin PBXBuildFile section */
		457EFAF41F6DD3D7009FBF03 /* AppDelegate.swift in Sources */ = {isa = PBXBuildFile; fileRef = 457EFAE91F6DD3D7009FBF03 /* AppDelegate.swift */; };
		457EFAF51F6DD3D7009FBF03 /* Assets.xcassets in Resources */ = {isa = PBXBuildFile; fileRef = 457EFAEA1F6DD3D7009FBF03 /* Assets.xcassets */; };
		457EFAF61F6DD3D7009FBF03 /* LaunchScreen.storyboard in Resources */ = {isa = PBXBuildFile; fileRef = 457EFAEB1F6DD3D7009FBF03 /* LaunchScreen.storyboard */; };
		457EFAF71F6DD3D7009FBF03 /* Main.storyboard in Resources */ = {isa = PBXBuildFile; fileRef = 457EFAED1F6DD3D7009FBF03 /* Main.storyboard */; };
		457EFAFA1F6DD3D7009FBF03 /* Seek+Transforms.swift in Sources */ = {isa = PBXBuildFile; fileRef = 457EFAF21F6DD3D7009FBF03 /* Seek+Transforms.swift */; };
		457EFAFB1F6DD3D7009FBF03 /* Seek.swift in Sources */ = {isa = PBXBuildFile; fileRef = 457EFAF31F6DD3D7009FBF03 /* Seek.swift */; };
		45EB07371F6DD63E004D5864 /* MainViewController.swift in Sources */ = {isa = PBXBuildFile; fileRef = 45EB07361F6DD63E004D5864 /* MainViewController.swift */; };
/* End PBXBuildFile section */

/* Begin PBXFileReference section */
		457EFAD31F6DD394009FBF03 /* Example.app */ = {isa = PBXFileReference; explicitFileType = wrapper.application; includeInIndex = 0; path = Example.app; sourceTree = BUILT_PRODUCTS_DIR; };
		457EFAE91F6DD3D7009FBF03 /* AppDelegate.swift */ = {isa = PBXFileReference; fileEncoding = 4; lastKnownFileType = sourcecode.swift; path = AppDelegate.swift; sourceTree = "<group>"; };
		457EFAEA1F6DD3D7009FBF03 /* Assets.xcassets */ = {isa = PBXFileReference; lastKnownFileType = folder.assetcatalog; path = Assets.xcassets; sourceTree = "<group>"; };
		457EFAEC1F6DD3D7009FBF03 /* Base */ = {isa = PBXFileReference; lastKnownFileType = file.storyboard; name = Base; path = Base.lproj/LaunchScreen.storyboard; sourceTree = "<group>"; };
		457EFAEE1F6DD3D7009FBF03 /* Base */ = {isa = PBXFileReference; lastKnownFileType = file.storyboard; name = Base; path = Base.lproj/Main.storyboard; sourceTree = "<group>"; };
		457EFAEF1F6DD3D7009FBF03 /* Info.plist */ = {isa = PBXFileReference; fileEncoding = 4; lastKnownFileType = text.plist.xml; path = Info.plist; sourceTree = "<group>"; };
		457EFAF21F6DD3D7009FBF03 /* Seek+Transforms.swift */ = {isa = PBXFileReference; fileEncoding = 4; lastKnownFileType = sourcecode.swift; path = "Seek+Transforms.swift"; sourceTree = "<group>"; };
		457EFAF31F6DD3D7009FBF03 /* Seek.swift */ = {isa = PBXFileReference; fileEncoding = 4; lastKnownFileType = sourcecode.swift; path = Seek.swift; sourceTree = "<group>"; };
		45EB07361F6DD63E004D5864 /* MainViewController.swift */ = {isa = PBXFileReference; fileEncoding = 4; lastKnownFileType = sourcecode.swift; path = MainViewController.swift; sourceTree = "<group>"; };
/* End PBXFileReference section */

/* Begin PBXFrameworksBuildPhase section */
		457EFAD01F6DD394009FBF03 /* Frameworks */ = {
			isa = PBXFrameworksBuildPhase;
			buildActionMask = 2147483647;
			files = (
			);
			runOnlyForDeploymentPostprocessing = 0;
		};
/* End PBXFrameworksBuildPhase section */

/* Begin PBXGroup section */
		457EFACA1F6DD394009FBF03 = {
			isa = PBXGroup;
			children = (
				457EFAE81F6DD3D7009FBF03 /* Resources */,
				457EFAF11F6DD3D7009FBF03 /* Source */,
				457EFAD41F6DD394009FBF03 /* Products */,
			);
			sourceTree = "<group>";
		};
		457EFAD41F6DD394009FBF03 /* Products */ = {
			isa = PBXGroup;
			children = (
				457EFAD31F6DD394009FBF03 /* Example.app */,
			);
			name = Products;
			sourceTree = "<group>";
		};
		457EFAE81F6DD3D7009FBF03 /* Resources */ = {
			isa = PBXGroup;
			children = (
				457EFAE91F6DD3D7009FBF03 /* AppDelegate.swift */,
				457EFAEA1F6DD3D7009FBF03 /* Assets.xcassets */,
				457EFAEB1F6DD3D7009FBF03 /* LaunchScreen.storyboard */,
				457EFAED1F6DD3D7009FBF03 /* Main.storyboard */,
				457EFAEF1F6DD3D7009FBF03 /* Info.plist */,
				45EB07361F6DD63E004D5864 /* MainViewController.swift */,
			);
			path = Resources;
			sourceTree = "<group>";
		};
		457EFAF11F6DD3D7009FBF03 /* Source */ = {
			isa = PBXGroup;
			children = (
				457EFAF21F6DD3D7009FBF03 /* Seek+Transforms.swift */,
				457EFAF31F6DD3D7009FBF03 /* Seek.swift */,
			);
			path = Source;
			sourceTree = "<group>";
		};
/* End PBXGroup section */

/* Begin PBXNativeTarget section */
		457EFAD21F6DD394009FBF03 /* Example */ = {
			isa = PBXNativeTarget;
			buildConfigurationList = 457EFAE51F6DD394009FBF03 /* Build configuration list for PBXNativeTarget "Example" */;
			buildPhases = (
				457EFACF1F6DD394009FBF03 /* Sources */,
				457EFAD01F6DD394009FBF03 /* Frameworks */,
				457EFAD11F6DD394009FBF03 /* Resources */,
			);
			buildRules = (
			);
			dependencies = (
			);
			name = Example;
			productName = Example;
			productReference = 457EFAD31F6DD394009FBF03 /* Example.app */;
			productType = "com.apple.product-type.application";
		};
/* End PBXNativeTarget section */

/* Begin PBXProject section */
		457EFACB1F6DD394009FBF03 /* Project object */ = {
			isa = PBXProject;
			attributes = {
				LastSwiftUpdateCheck = 0830;
				LastUpgradeCheck = 0830;
				ORGANIZATIONNAME = levi;
				TargetAttributes = {
					457EFAD21F6DD394009FBF03 = {
						CreatedOnToolsVersion = 8.3.2;
						DevelopmentTeam = Q74FGM83LR;
						ProvisioningStyle = Automatic;
					};
				};
			};
			buildConfigurationList = 457EFACE1F6DD394009FBF03 /* Build configuration list for PBXProject "Example" */;
			compatibilityVersion = "Xcode 3.2";
			developmentRegion = English;
			hasScannedForEncodings = 0;
			knownRegions = (
				en,
				Base,
			);
			mainGroup = 457EFACA1F6DD394009FBF03;
			productRefGroup = 457EFAD41F6DD394009FBF03 /* Products */;
			projectDirPath = "";
			projectRoot = "";
			targets = (
				457EFAD21F6DD394009FBF03 /* Example */,
			);
		};
/* End PBXProject section */

/* Begin PBXResourcesBuildPhase section */
		457EFAD11F6DD394009FBF03 /* Resources */ = {
			isa = PBXResourcesBuildPhase;
			buildActionMask = 2147483647;
			files = (
				457EFAF51F6DD3D7009FBF03 /* Assets.xcassets in Resources */,
				457EFAF71F6DD3D7009FBF03 /* Main.storyboard in Resources */,
				457EFAF61F6DD3D7009FBF03 /* LaunchScreen.storyboard in Resources */,
			);
			runOnlyForDeploymentPostprocessing = 0;
		};
/* End PBXResourcesBuildPhase section */

/* Begin PBXSourcesBuildPhase section */
		457EFACF1F6DD394009FBF03 /* Sources */ = {
			isa = PBXSourcesBuildPhase;
			buildActionMask = 2147483647;
			files = (
				457EFAFA1F6DD3D7009FBF03 /* Seek+Transforms.swift in Sources */,
				457EFAF41F6DD3D7009FBF03 /* AppDelegate.swift in Sources */,
				457EFAFB1F6DD3D7009FBF03 /* Seek.swift in Sources */,
				45EB07371F6DD63E004D5864 /* MainViewController.swift in Sources */,
			);
			runOnlyForDeploymentPostprocessing = 0;
		};
/* End PBXSourcesBuildPhase section */

/* Begin PBXVariantGroup section */
		457EFAEB1F6DD3D7009FBF03 /* LaunchScreen.storyboard */ = {
			isa = PBXVariantGroup;
			children = (
				457EFAEC1F6DD3D7009FBF03 /* Base */,
			);
			name = LaunchScreen.storyboard;
			sourceTree = "<group>";
		};
		457EFAED1F6DD3D7009FBF03 /* Main.storyboard */ = {
			isa = PBXVariantGroup;
			children = (
				457EFAEE1F6DD3D7009FBF03 /* Base */,
			);
			name = Main.storyboard;
			sourceTree = "<group>";
		};
/* End PBXVariantGroup section */

/* Begin XCBuildConfiguration section */
		457EFAE31F6DD394009FBF03 /* Debug */ = {
			isa = XCBuildConfiguration;
			buildSettings = {
				ALWAYS_SEARCH_USER_PATHS = NO;
				CLANG_ANALYZER_NONNULL = YES;
				CLANG_ANALYZER_NUMBER_OBJECT_CONVERSION = YES_AGGRESSIVE;
				CLANG_CXX_LANGUAGE_STANDARD = "gnu++0x";
				CLANG_CXX_LIBRARY = "libc++";
				CLANG_ENABLE_MODULES = YES;
				CLANG_ENABLE_OBJC_ARC = YES;
				CLANG_WARN_BOOL_CONVERSION = YES;
				CLANG_WARN_CONSTANT_CONVERSION = YES;
				CLANG_WARN_DIRECT_OBJC_ISA_USAGE = YES_ERROR;
				CLANG_WARN_DOCUMENTATION_COMMENTS = YES;
				CLANG_WARN_EMPTY_BODY = YES;
				CLANG_WARN_ENUM_CONVERSION = YES;
				CLANG_WARN_INFINITE_RECURSION = YES;
				CLANG_WARN_INT_CONVERSION = YES;
				CLANG_WARN_OBJC_ROOT_CLASS = YES_ERROR;
				CLANG_WARN_SUSPICIOUS_MOVE = YES;
				CLANG_WARN_UNREACHABLE_CODE = YES;
				CLANG_WARN__DUPLICATE_METHOD_MATCH = YES;
				"CODE_SIGN_IDENTITY[sdk=iphoneos*]" = "iPhone Developer";
				COPY_PHASE_STRIP = NO;
				DEBUG_INFORMATION_FORMAT = dwarf;
				ENABLE_STRICT_OBJC_MSGSEND = YES;
				ENABLE_TESTABILITY = YES;
				GCC_C_LANGUAGE_STANDARD = gnu99;
				GCC_DYNAMIC_NO_PIC = NO;
				GCC_NO_COMMON_BLOCKS = YES;
				GCC_OPTIMIZATION_LEVEL = 0;
				GCC_PREPROCESSOR_DEFINITIONS = (
					"DEBUG=1",
					"$(inherited)",
				);
				GCC_WARN_64_TO_32_BIT_CONVERSION = YES;
				GCC_WARN_ABOUT_RETURN_TYPE = YES_ERROR;
				GCC_WARN_UNDECLARED_SELECTOR = YES;
				GCC_WARN_UNINITIALIZED_AUTOS = YES_AGGRESSIVE;
				GCC_WARN_UNUSED_FUNCTION = YES;
				GCC_WARN_UNUSED_VARIABLE = YES;
				IPHONEOS_DEPLOYMENT_TARGET = 8.0;
				MTL_ENABLE_DEBUG_INFO = YES;
				ONLY_ACTIVE_ARCH = YES;
				SDKROOT = iphoneos;
				SWIFT_ACTIVE_COMPILATION_CONDITIONS = DEBUG;
				SWIFT_OPTIMIZATION_LEVEL = "-Onone";
			};
			name = Debug;
		};
		457EFAE41F6DD394009FBF03 /* Release */ = {
			isa = XCBuildConfiguration;
			buildSettings = {
				ALWAYS_SEARCH_USER_PATHS = NO;
				CLANG_ANALYZER_NONNULL = YES;
				CLANG_ANALYZER_NUMBER_OBJECT_CONVERSION = YES_AGGRESSIVE;
				CLANG_CXX_LANGUAGE_STANDARD = "gnu++0x";
				CLANG_CXX_LIBRARY = "libc++";
				CLANG_ENABLE_MODULES = YES;
				CLANG_ENABLE_OBJC_ARC = YES;
				CLANG_WARN_BOOL_CONVERSION = YES;
				CLANG_WARN_CONSTANT_CONVERSION = YES;
				CLANG_WARN_DIRECT_OBJC_ISA_USAGE = YES_ERROR;
				CLANG_WARN_DOCUMENTATION_COMMENTS = YES;
				CLANG_WARN_EMPTY_BODY = YES;
				CLANG_WARN_ENUM_CONVERSION = YES;
				CLANG_WARN_INFINITE_RECURSION = YES;
				CLANG_WARN_INT_CONVERSION = YES;
				CLANG_WARN_OBJC_ROOT_CLASS = YES_ERROR;
				CLANG_WARN_SUSPICIOUS_MOVE = YES;
				CLANG_WARN_UNREACHABLE_CODE = YES;
				CLANG_WARN__DUPLICATE_METHOD_MATCH = YES;
				"CODE_SIGN_IDENTITY[sdk=iphoneos*]" = "iPhone Developer";
				COPY_PHASE_STRIP = NO;
				DEBUG_INFORMATION_FORMAT = "dwarf-with-dsym";
				ENABLE_NS_ASSERTIONS = NO;
				ENABLE_STRICT_OBJC_MSGSEND = YES;
				GCC_C_LANGUAGE_STANDARD = gnu99;
				GCC_NO_COMMON_BLOCKS = YES;
				GCC_WARN_64_TO_32_BIT_CONVERSION = YES;
				GCC_WARN_ABOUT_RETURN_TYPE = YES_ERROR;
				GCC_WARN_UNDECLARED_SELECTOR = YES;
				GCC_WARN_UNINITIALIZED_AUTOS = YES_AGGRESSIVE;
				GCC_WARN_UNUSED_FUNCTION = YES;
				GCC_WARN_UNUSED_VARIABLE = YES;
				IPHONEOS_DEPLOYMENT_TARGET = 8.0;
				MTL_ENABLE_DEBUG_INFO = NO;
				SDKROOT = iphoneos;
				SWIFT_OPTIMIZATION_LEVEL = "-Owholemodule";
				VALIDATE_PRODUCT = YES;
			};
			name = Release;
		};
		457EFAE61F6DD394009FBF03 /* Debug */ = {
			isa = XCBuildConfiguration;
			buildSettings = {
				ASSETCATALOG_COMPILER_APPICON_NAME = AppIcon;
				DEVELOPMENT_TEAM = Q74FGM83LR;
				INFOPLIST_FILE = "$(SRCROOT)/Resources/Info.plist";
				LD_RUNPATH_SEARCH_PATHS = "$(inherited) @executable_path/Frameworks";
				PRODUCT_BUNDLE_IDENTIFIER = com.levi.Example;
				PRODUCT_NAME = "$(TARGET_NAME)";
				SWIFT_VERSION = 3.0;
			};
			name = Debug;
		};
		457EFAE71F6DD394009FBF03 /* Release */ = {
			isa = XCBuildConfiguration;
			buildSettings = {
				ASSETCATALOG_COMPILER_APPICON_NAME = AppIcon;
				DEVELOPMENT_TEAM = Q74FGM83LR;
				INFOPLIST_FILE = "$(SRCROOT)/Resources/Info.plist";
				LD_RUNPATH_SEARCH_PATHS = "$(inherited) @executable_path/Frameworks";
				PRODUCT_BUNDLE_IDENTIFIER = com.levi.Example;
				PRODUCT_NAME = "$(TARGET_NAME)";
				SWIFT_VERSION = 3.0;
			};
			name = Release;
		};
/* End XCBuildConfiguration section */

/* Begin XCConfigurationList section */
		457EFACE1F6DD394009FBF03 /* Build configuration list for PBXProject "Example" */ = {
			isa = XCConfigurationList;
			buildConfigurations = (
				457EFAE31F6DD394009FBF03 /* Debug */,
				457EFAE41F6DD394009FBF03 /* Release */,
			);
			defaultConfigurationIsVisible = 0;
			defaultConfigurationName = Release;
		};
		457EFAE51F6DD394009FBF03 /* Build configuration list for PBXNativeTarget "Example" */ = {
			isa = XCConfigurationList;
			buildConfigurations = (
				457EFAE61F6DD394009FBF03 /* Debug */,
				457EFAE71F6DD394009FBF03 /* Release */,
			);
			defaultConfigurationIsVisible = 0;
			defaultConfigurationName = Release;
		};
/* End XCConfigurationList section */
	};
	rootObject = 457EFACB1F6DD394009FBF03 /* Project object */;
}
